
Microsoft Visual Studio Solution File, Format Version 12.00
# Visual Studio 14
VisualStudioVersion = 14.0.24720.0
MinimumVisualStudioVersion = 10.0.40219.1
Project("{2150E333-8FDC-42A3-9474-1A3956D46DE8}") = "src", "src", "{428DF5EF-F1D1-42D9-8954-983CEF368B69}"
EndProject
Project("{2150E333-8FDC-42A3-9474-1A3956D46DE8}") = "Solution Items", "Solution Items", "{F5A5BF46-5C51-4473-B612-243A742D2959}"
	ProjectSection(SolutionItems) = preProject
		global.json = global.json
	EndProjectSection
EndProject
Project("{8BB2217D-0F2D-49D1-97BC-3654ED321F3B}") = "a1", "src\a1\a1.xproj", "{72F74A1B-8491-4FA1-ADED-565086DC5A9C}"
EndProject
Global
	GlobalSection(SolutionConfigurationPlatforms) = preSolution
		Debug|Any CPU = Debug|Any CPU
		Release|Any CPU = Release|Any CPU
	EndGlobalSection
	GlobalSection(ProjectConfigurationPlatforms) = postSolution
		{72F74A1B-8491-4FA1-ADED-565086DC5A9C}.Debug|Any CPU.ActiveCfg = Debug|Any CPU
		{72F74A1B-8491-4FA1-ADED-565086DC5A9C}.Debug|Any CPU.Build.0 = Debug|Any CPU
		{72F74A1B-8491-4FA1-ADED-565086DC5A9C}.Release|Any CPU.ActiveCfg = Release|Any CPU
		{72F74A1B-8491-4FA1-ADED-565086DC5A9C}.Release|Any CPU.Build.0 = Release|Any CPU
	EndGlobalSection
	GlobalSection(SolutionProperties) = preSolution
		HideSolutionNode = FALSE
	EndGlobalSection
	GlobalSection(NestedProjects) = preSolution
		{72F74A1B-8491-4FA1-ADED-565086DC5A9C} = {428DF5EF-F1D1-42D9-8954-983CEF368B69}
	EndGlobalSection
EndGlobal
